<Solution>
  <Folder Name="/client-grpc/">
    <Project Path="client-grpc/NSmithy.Examples.Grpc.ClientGrpc.csproj" />
  </Folder>
  <Folder Name="/client-rest/">
    <Project Path="client-rest/NSmithy.Examples.Grpc.ClientRest.csproj" />
  </Folder>
  <Folder Name="/server/">
    <Project Path="server/NSmithy.Examples.Grpc.Server.csproj" />
  </Folder>
</Solution>
