<Solution>
  <Folder Name="/contracts/">
    <Project Path="contracts/Library.Contracts.csproj" />
  </Folder>
  <Folder Name="/client/">
    <Project Path="client/NSmithy.Examples.Grpc.Client.csproj" />
  </Folder>
  <Folder Name="/server/">
    <Project Path="server/NSmithy.Examples.Grpc.Server.csproj" />
  </Folder>
</Solution>
