<Solution>
  <Folder Name="/packages/">
    <Project Path="packages/NSmithy.Codecs.Cbor/NSmithy.Codecs.Cbor.csproj" />
    <Project Path="packages/NSmithy.Client/NSmithy.Client.csproj" />
    <Project Path="packages/NSmithy.Core/NSmithy.Core.csproj" />
    <Project Path="packages/NSmithy.Http/NSmithy.Http.csproj" />
    <Project Path="packages/NSmithy.Codecs.Json/NSmithy.Codecs.Json.csproj" />
    <Project Path="packages/NSmithy.Protocols.Rest/NSmithy.Protocols.Rest.csproj" />
    <Project Path="packages/NSmithy.Protocols.RestJson/NSmithy.Protocols.RestJson.csproj" />
    <Project Path="packages/NSmithy.Protocols.RestXml/NSmithy.Protocols.RestXml.csproj" />
    <Project Path="packages/NSmithy.Protocols.RpcV2Cbor/NSmithy.Protocols.RpcV2Cbor.csproj" />
    <Project Path="packages/NSmithy.MSBuild/NSmithy.MSBuild.csproj" />
    <Project Path="packages/NSmithy.Server.AspNetCore/NSmithy.Server.AspNetCore.csproj" />
    <Project Path="packages/NSmithy.Server.AspNetCore.Docs/NSmithy.Server.AspNetCore.Docs.csproj" />
    <Project Path="packages/NSmithy.Codecs.Xml/NSmithy.Codecs.Xml.csproj" />
  </Folder>
  <Folder Name="/templates/">
    <Project Path="templates/NSmithy.Templates/NSmithy.Templates.csproj" />
  </Folder>
  <Folder Name="/tools/">
    <Project Path="tools/dotnet-nsmithy/dotnet-nsmithy.csproj" />
  </Folder>
  <Folder Name="/tests/">
    <Project Path="tests/NSmithy.Tests/NSmithy.Tests.csproj" />
  </Folder>
  <Folder Name="/tests/Conformance/">
    <Project Path="tests/Conformance/RestJson1/RestJson1.Conformance.csproj" />
    <Project Path="tests/Conformance/RestXml/RestXml.Conformance.csproj" />
    <Project Path="tests/Conformance/RpcV2Cbor/RpcV2Cbor.Conformance.csproj" />
    <Project Path="tests/Conformance/SimpleRestJson/SimpleRestJson.Conformance.csproj" />
  </Folder>
</Solution>
