version: 6
environments:
  default:
    channels:
    - url: https://conda.anaconda.org/conda-forge/
    options:
      pypi-prerelease-mode: if-necessary-or-explicit
    packages:
      osx-arm64:
      - conda: https://conda.anaconda.org/conda-forge/osx-arm64/libzlib-1.3.2-h8088a28_2.conda
      - conda: https://conda.anaconda.org/conda-forge/osx-arm64/openjdk-25.0.2-h258754b_0.conda
      - conda: https://conda.anaconda.org/conda-forge/noarch/smithy-1.70.0-hc364b38_0.conda
packages:
- conda: https://conda.anaconda.org/conda-forge/osx-arm64/libzlib-1.3.2-h8088a28_2.conda
  sha256: 361415a698514b19a852f5d1123c5da746d4642139904156ddfca7c922d23a05
  md5: bc5a5721b6439f2f62a84f2548136082
  depends:
  - __osx >=11.0
  constrains:
  - zlib 1.3.2 *_2
  license: Zlib
  license_family: Other
  size: 47759
  timestamp: 1774072956767
- conda: https://conda.anaconda.org/conda-forge/osx-arm64/openjdk-25.0.2-h258754b_0.conda
  sha256: f6f06243c1a35b6590f06be386bd5cefc5b1773b985a61b7917b93dab4cf18ec
  md5: a4024e03865a7411c1028eac83d1956c
  depends:
  - __osx >=11.0
  - libzlib >=1.3.1,<2.0a0
  license: GPL-2.0-or-later WITH Classpath-exception-2.0
  license_family: GPL
  size: 199165105
  timestamp: 1771443790144
- conda: https://conda.anaconda.org/conda-forge/noarch/smithy-1.70.0-hc364b38_0.conda
  sha256: b7419e5312b83ecdbd3833ea525577fbc38b0f8fe2261f1d693d05e828aaad51
  md5: a87e10a527dc02ac02707e95eac0f5dc
  depends:
  - openjdk
  license: Apache-2.0
  license_family: APACHE
  size: 8405042
  timestamp: 1777925844341
