<Solution>
  <Folder Name="/contracts/">
    <Project Path="contracts/NSmithy.Examples.SimpleRestJson.Contracts.csproj" />
  </Folder>
  <Folder Name="/client/">
    <Project Path="client/NSmithy.Examples.SimpleRestJson.Client.csproj" />
  </Folder>
  <Folder Name="/server/">
    <Project Path="server/NSmithy.Examples.SimpleRestJson.Server.csproj" />
  </Folder>
</Solution>
