<Solution>
  <Folder Name="/contracts/">
    <Project Path="contracts/NSmithy.Examples.RestJson1.Contracts.csproj" />
  </Folder>
  <Folder Name="/client/">
    <Project Path="client/NSmithy.Examples.RestJson1.Client.csproj" />
  </Folder>
  <Folder Name="/server/">
    <Project Path="server/NSmithy.Examples.RestJson1.Server.csproj" />
  </Folder>
</Solution>
