<Solution>
  <Folder Name="/contracts/">
    <Project Path="contracts/Streaming.Contracts.csproj" />
  </Folder>
  <Folder Name="/client/">
    <Project Path="client/NSmithy.Examples.GrpcStreaming.Client.csproj" />
  </Folder>
  <Folder Name="/server/">
    <Project Path="server/NSmithy.Examples.GrpcStreaming.Server.csproj" />
  </Folder>
</Solution>
