<Solution>
  <Folder Name="/contracts/">
    <Project Path="contracts/NSmithy.Examples.RpcV2Cbor.Contracts.csproj" />
  </Folder>
  <Folder Name="/server/">
    <Project Path="server/NSmithy.Examples.RpcV2Cbor.Server.csproj" />
  </Folder>
  <Folder Name="/client/">
    <Project Path="client/NSmithy.Examples.RpcV2Cbor.Client.csproj" />
  </Folder>
</Solution>
