<Solution>
  <Folder Name="/contracts/">
    <Project Path="contracts/Metrics.Contracts.csproj" />
  </Folder>
  <Folder Name="/client/">
    <Project Path="client/NSmithy.Examples.Streaming.Client.csproj" />
  </Folder>
  <Folder Name="/server/">
    <Project Path="server/NSmithy.Examples.Streaming.Server.csproj" />
  </Folder>
</Solution>
